
Microsoft Visual Studio Solution File, Format Version 12.00
# Visual Studio Version 17
VisualStudioVersion = 17.10.35004.147
MinimumVisualStudioVersion = 10.0.40219.1
Project("{9A19103F-16F7-4668-BE54-9A1E7A4F7556}") = "Thumbnify", "tebisCloud\Thumbnify.csproj", "{48293AEE-2E76-418C-B26E-DAE57591B76A}"
EndProject
Global
	GlobalSection(SolutionConfigurationPlatforms) = preSolution
		Debug|Any CPU = Debug|Any CPU
		Release|Any CPU = Release|Any CPU
	EndGlobalSection
	GlobalSection(ProjectConfigurationPlatforms) = postSolution
		{48293AEE-2E76-418C-B26E-DAE57591B76A}.Debug|Any CPU.ActiveCfg = Debug|Any CPU
		{48293AEE-2E76-418C-B26E-DAE57591B76A}.Debug|Any CPU.Build.0 = Debug|Any CPU
		{48293AEE-2E76-418C-B26E-DAE57591B76A}.Release|Any CPU.ActiveCfg = Release|Any CPU
		{48293AEE-2E76-418C-B26E-DAE57591B76A}.Release|Any CPU.Build.0 = Release|Any CPU
	EndGlobalSection
	GlobalSection(SolutionProperties) = preSolution
		HideSolutionNode = FALSE
	EndGlobalSection
	GlobalSection(ExtensibilityGlobals) = postSolution
		SolutionGuid = {5929998B-8110-41FF-B2DF-B7963C707896}
	EndGlobalSection
EndGlobal
